github.com/Jeffail/gabs v1.1.1/go.mod h1:6xMvQMK4k33lb7GUUpaAPh6nKMmemQeg5d4gn7/bOXc=
github.com/Jeffail/gabs v1.4.0 h1://5fYRRTq1edjfIrQGvdkcd22pkYUrHZ5YC/H2GJVAo=
github.com/Jeffail/gabs v1.4.0/go.mod h1:6xMvQMK4k33lb7GUUpaAPh6nKMmemQeg5d4gn7/bOXc=
github.com/notedit/sdp v0.0.9 h1:48RlQEF49Jev3iK0wTNjFhc1QKnwDVIIQ4lY1YVMTo0=
github.com/notedit/sdp v0.0.9/go.mod h1:v7SdJxYpW6sY8RhA2KX14mmIHXKC0Kl/XrEQwaQJ7lM=
